
Microsoft Visual Studio Solution File, Format Version 12.00
# Visual Studio Version 16
VisualStudioVersion = 16.0.31729.503
MinimumVisualStudioVersion = 10.0.40219.1
Project("{FAE04EC0-301F-11D3-BF4B-00C04F79EFBC}") = "less-5-1", "less-5-1\less-5-1.csproj", "{3BDAD822-1FB7-4BAC-9C1A-8B0482373A07}"
EndProject
Project("{FAE04EC0-301F-11D3-BF4B-00C04F79EFBC}") = "less-5-2", "less-5-2\less-5-2.csproj", "{47EA1C09-DCED-4265-9D80-9DB73D44307A}"
EndProject
Project("{FAE04EC0-301F-11D3-BF4B-00C04F79EFBC}") = "less-5-3", "less-5-3\less-5-3.csproj", "{7138CB19-9ADC-4B92-9F2B-DC428FA80418}"
EndProject
Project("{FAE04EC0-301F-11D3-BF4B-00C04F79EFBC}") = "less-5-4", "less-5-4\less-5-4.csproj", "{4A11BAA6-AE47-4C48-8F56-AAB518E27B3F}"
EndProject
Project("{FAE04EC0-301F-11D3-BF4B-00C04F79EFBC}") = "less-5-5", "less-5-5\less-5-5.csproj", "{F141AC0B-6C87-4988-AFE9-2BF9FA01ADAB}"
EndProject
Global
	GlobalSection(SolutionConfigurationPlatforms) = preSolution
		Debug|Any CPU = Debug|Any CPU
		Release|Any CPU = Release|Any CPU
	EndGlobalSection
	GlobalSection(ProjectConfigurationPlatforms) = postSolution
		{3BDAD822-1FB7-4BAC-9C1A-8B0482373A07}.Debug|Any CPU.ActiveCfg = Debug|Any CPU
		{3BDAD822-1FB7-4BAC-9C1A-8B0482373A07}.Debug|Any CPU.Build.0 = Debug|Any CPU
		{3BDAD822-1FB7-4BAC-9C1A-8B0482373A07}.Release|Any CPU.ActiveCfg = Release|Any CPU
		{3BDAD822-1FB7-4BAC-9C1A-8B0482373A07}.Release|Any CPU.Build.0 = Release|Any CPU
		{47EA1C09-DCED-4265-9D80-9DB73D44307A}.Debug|Any CPU.ActiveCfg = Debug|Any CPU
		{47EA1C09-DCED-4265-9D80-9DB73D44307A}.Debug|Any CPU.Build.0 = Debug|Any CPU
		{47EA1C09-DCED-4265-9D80-9DB73D44307A}.Release|Any CPU.ActiveCfg = Release|Any CPU
		{47EA1C09-DCED-4265-9D80-9DB73D44307A}.Release|Any CPU.Build.0 = Release|Any CPU
		{7138CB19-9ADC-4B92-9F2B-DC428FA80418}.Debug|Any CPU.ActiveCfg = Debug|Any CPU
		{7138CB19-9ADC-4B92-9F2B-DC428FA80418}.Debug|Any CPU.Build.0 = Debug|Any CPU
		{7138CB19-9ADC-4B92-9F2B-DC428FA80418}.Release|Any CPU.ActiveCfg = Release|Any CPU
		{7138CB19-9ADC-4B92-9F2B-DC428FA80418}.Release|Any CPU.Build.0 = Release|Any CPU
		{4A11BAA6-AE47-4C48-8F56-AAB518E27B3F}.Debug|Any CPU.ActiveCfg = Debug|Any CPU
		{4A11BAA6-AE47-4C48-8F56-AAB518E27B3F}.Debug|Any CPU.Build.0 = Debug|Any CPU
		{4A11BAA6-AE47-4C48-8F56-AAB518E27B3F}.Release|Any CPU.ActiveCfg = Release|Any CPU
		{4A11BAA6-AE47-4C48-8F56-AAB518E27B3F}.Release|Any CPU.Build.0 = Release|Any CPU
		{F141AC0B-6C87-4988-AFE9-2BF9FA01ADAB}.Debug|Any CPU.ActiveCfg = Debug|Any CPU
		{F141AC0B-6C87-4988-AFE9-2BF9FA01ADAB}.Debug|Any CPU.Build.0 = Debug|Any CPU
		{F141AC0B-6C87-4988-AFE9-2BF9FA01ADAB}.Release|Any CPU.ActiveCfg = Release|Any CPU
		{F141AC0B-6C87-4988-AFE9-2BF9FA01ADAB}.Release|Any CPU.Build.0 = Release|Any CPU
	EndGlobalSection
	GlobalSection(SolutionProperties) = preSolution
		HideSolutionNode = FALSE
	EndGlobalSection
	GlobalSection(ExtensibilityGlobals) = postSolution
		SolutionGuid = {A5AFCA50-008B-4F99-B41D-6B417742626E}
	EndGlobalSection
EndGlobal
