
Microsoft Visual Studio Solution File, Format Version 12.00
# Visual Studio Version 16
VisualStudioVersion = 16.0.31729.503
MinimumVisualStudioVersion = 10.0.40219.1
Project("{9A19103F-16F7-4668-BE54-9A1E7A4F7556}") = "less-7-1", "less-7-1\less-7-1.csproj", "{5BF17677-999F-42DB-9063-E8C4B885BC26}"
EndProject
Project("{FAE04EC0-301F-11D3-BF4B-00C04F79EFBC}") = "less-7-2", "less-7-2\less-7-2.csproj", "{D21BF441-B5DD-49C0-8DAE-5FDF2AF34741}"
EndProject
Global
	GlobalSection(SolutionConfigurationPlatforms) = preSolution
		Debug|Any CPU = Debug|Any CPU
		Release|Any CPU = Release|Any CPU
	EndGlobalSection
	GlobalSection(ProjectConfigurationPlatforms) = postSolution
		{5BF17677-999F-42DB-9063-E8C4B885BC26}.Debug|Any CPU.ActiveCfg = Debug|Any CPU
		{5BF17677-999F-42DB-9063-E8C4B885BC26}.Debug|Any CPU.Build.0 = Debug|Any CPU
		{5BF17677-999F-42DB-9063-E8C4B885BC26}.Release|Any CPU.ActiveCfg = Release|Any CPU
		{5BF17677-999F-42DB-9063-E8C4B885BC26}.Release|Any CPU.Build.0 = Release|Any CPU
		{D21BF441-B5DD-49C0-8DAE-5FDF2AF34741}.Debug|Any CPU.ActiveCfg = Debug|Any CPU
		{D21BF441-B5DD-49C0-8DAE-5FDF2AF34741}.Debug|Any CPU.Build.0 = Debug|Any CPU
		{D21BF441-B5DD-49C0-8DAE-5FDF2AF34741}.Release|Any CPU.ActiveCfg = Release|Any CPU
		{D21BF441-B5DD-49C0-8DAE-5FDF2AF34741}.Release|Any CPU.Build.0 = Release|Any CPU
	EndGlobalSection
	GlobalSection(SolutionProperties) = preSolution
		HideSolutionNode = FALSE
	EndGlobalSection
	GlobalSection(ExtensibilityGlobals) = postSolution
		SolutionGuid = {7A1776C2-6FDA-4815-9299-467F6CFD6E2E}
	EndGlobalSection
EndGlobal
